{
  "version": 4,
  "terraform_version": "0.15.3",
  "serial": 122,
  "lineage": "458e3fb3-adc0-43d0-82c0-6c98fcd7e92f",
  "outputs": {},
  "resources": [
    {
      "mode": "data",
      "type": "azurerm_image",
      "name": "packer-webserver-image",
      "provider": "provider[\"registry.terraform.io/hashicorp/azurerm\"]",
      "instances": [
        {
          "schema_version": 0,
          "attributes": {
            "data_disk": [],
            "id": "/subscriptions/753e1116-a934-4cde-98ac-9c70e98003fa/resourceGroups/skproject1-rg/providers/Microsoft.Compute/images/skProject1PackerImage",
            "location": "uksouth",
            "name": "skProject1PackerImage",
            "name_regex": null,
            "os_disk": [
              {
                "blob_uri": "",
                "caching": "ReadWrite",
                "managed_disk_id": "/subscriptions/753e1116-a934-4cde-98ac-9c70e98003fa/resourceGroups/pkr-Resource-Group-h7mxihbt1r/providers/Microsoft.Compute/disks/pkrosh7mxihbt1r",
                "os_state": "Generalized",
                "os_type": "Linux",
                "size_gb": 30
              }
            ],
            "resource_group_name": "skproject1-rg",
            "sort_descending": false,
            "tags": {
              "project1": "web server deployment"
            },
            "timeouts": null,
            "zone_resilient": false
          },
          "sensitive_attributes": []
        }
      ]
    },
    {
      "mode": "managed",
      "type": "azurerm_availability_set",
      "name": "skproject1-rg",
      "provider": "provider[\"registry.terraform.io/hashicorp/azurerm\"]",
      "instances": [
        {
          "schema_version": 0,
          "attributes": {
            "id": "/subscriptions/753e1116-a934-4cde-98ac-9c70e98003fa/resourceGroups/skproject1-resources/providers/Microsoft.Compute/availabilitySets/project1-aset",
            "location": "uksouth",
            "managed": true,
            "name": "project1-aset",
            "platform_fault_domain_count": 2,
            "platform_update_domain_count": 5,
            "proximity_placement_group_id": null,
            "resource_group_name": "skproject1-resources",
            "tags": {
              "environment": "Production Web Server"
            },
            "timeouts": null
          },
          "sensitive_attributes": [],
          "private": "eyJlMmJmYjczMC1lY2FhLTExZTYtOGY4OC0zNDM2M2JjN2M0YzAiOnsiY3JlYXRlIjoxODAwMDAwMDAwMDAwLCJkZWxldGUiOjE4MDAwMDAwMDAwMDAsInJlYWQiOjMwMDAwMDAwMDAwMCwidXBkYXRlIjoxODAwMDAwMDAwMDAwfX0=",
          "dependencies": [
            "azurerm_resource_group.skproject1-rg"
          ]
        }
      ]
    },
    {
      "mode": "managed",
      "type": "azurerm_lb",
      "name": "skproject1-rg",
      "provider": "provider[\"registry.terraform.io/hashicorp/azurerm\"]",
      "instances": [
        {
          "schema_version": 0,
          "attributes": {
            "frontend_ip_configuration": [
              {
                "availability_zone": "No-Zone",
                "id": "/subscriptions/753e1116-a934-4cde-98ac-9c70e98003fa/resourceGroups/skproject1-resources/providers/Microsoft.Network/loadBalancers/Project1LoadBalancer/frontendIPConfigurations/PublicIPAddress",
                "inbound_nat_rules": [],
                "load_balancer_rules": [],
                "name": "PublicIPAddress",
                "outbound_rules": [],
                "private_ip_address": "",
                "private_ip_address_allocation": "Dynamic",
                "private_ip_address_version": "",
                "public_ip_address_id": "/subscriptions/753e1116-a934-4cde-98ac-9c70e98003fa/resourceGroups/skproject1-resources/providers/Microsoft.Network/publicIPAddresses/acceptanceTestPublicIp",
                "public_ip_prefix_id": "",
                "subnet_id": "",
                "zones": []
              }
            ],
            "id": "/subscriptions/753e1116-a934-4cde-98ac-9c70e98003fa/resourceGroups/skproject1-resources/providers/Microsoft.Network/loadBalancers/Project1LoadBalancer",
            "location": "uksouth",
            "name": "Project1LoadBalancer",
            "private_ip_address": "",
            "private_ip_addresses": [],
            "resource_group_name": "skproject1-resources",
            "sku": "Basic",
            "tags": {
              "environment": "Web Server LB"
            },
            "timeouts": null
          },
          "sensitive_attributes": [],
          "private": "eyJlMmJmYjczMC1lY2FhLTExZTYtOGY4OC0zNDM2M2JjN2M0YzAiOnsiY3JlYXRlIjoxODAwMDAwMDAwMDAwLCJkZWxldGUiOjE4MDAwMDAwMDAwMDAsInJlYWQiOjMwMDAwMDAwMDAwMCwidXBkYXRlIjoxODAwMDAwMDAwMDAwfX0=",
          "dependencies": [
            "azurerm_public_ip.skproject1-rg",
            "azurerm_resource_group.skproject1-rg"
          ]
        }
      ]
    },
    {
      "mode": "managed",
      "type": "azurerm_lb_backend_address_pool",
      "name": "skproject1-rg",
      "provider": "provider[\"registry.terraform.io/hashicorp/azurerm\"]",
      "instances": [
        {
          "schema_version": 0,
          "attributes": {
            "backend_address": [],
            "backend_ip_configurations": [
              "/subscriptions/753e1116-a934-4cde-98ac-9c70e98003fa/resourceGroups/skproject1-resources/providers/Microsoft.Network/networkInterfaces/skproject1-nic0/ipConfigurations/internal",
              "/subscriptions/753e1116-a934-4cde-98ac-9c70e98003fa/resourceGroups/skproject1-resources/providers/Microsoft.Network/networkInterfaces/skproject1-nic1/ipConfigurations/internal"
            ],
            "id": "/subscriptions/753e1116-a934-4cde-98ac-9c70e98003fa/resourceGroups/skproject1-resources/providers/Microsoft.Network/loadBalancers/Project1LoadBalancer/backendAddressPools/skproject1-BackEndAddressPool",
            "load_balancing_rules": [],
            "loadbalancer_id": "/subscriptions/753e1116-a934-4cde-98ac-9c70e98003fa/resourceGroups/skproject1-resources/providers/Microsoft.Network/loadBalancers/Project1LoadBalancer",
            "name": "skproject1-BackEndAddressPool",
            "outbound_rules": [],
            "resource_group_name": "skproject1-resources",
            "timeouts": null
          },
          "sensitive_attributes": [],
          "private": "eyJlMmJmYjczMC1lY2FhLTExZTYtOGY4OC0zNDM2M2JjN2M0YzAiOnsiY3JlYXRlIjoxODAwMDAwMDAwMDAwLCJkZWxldGUiOjE4MDAwMDAwMDAwMDAsInJlYWQiOjMwMDAwMDAwMDAwMCwidXBkYXRlIjoxODAwMDAwMDAwMDAwfX0=",
          "dependencies": [
            "azurerm_public_ip.skproject1-rg",
            "azurerm_resource_group.skproject1-rg",
            "azurerm_lb.skproject1-rg"
          ]
        }
      ]
    },
    {
      "mode": "managed",
      "type": "azurerm_linux_virtual_machine",
      "name": "skproject1-rg",
      "provider": "provider[\"registry.terraform.io/hashicorp/azurerm\"]",
      "instances": [
        {
          "index_key": 0,
          "schema_version": 0,
          "attributes": {
            "additional_capabilities": [],
            "admin_password": "skProject1",
            "admin_ssh_key": [],
            "admin_username": "skprojectadm",
            "allow_extension_operations": true,
            "availability_set_id": "/subscriptions/753e1116-a934-4cde-98ac-9c70e98003fa/resourceGroups/skproject1-resources/providers/Microsoft.Compute/availabilitySets/PROJECT1-ASET",
            "boot_diagnostics": [],
            "computer_name": "skproject1-vm0",
            "custom_data": null,
            "dedicated_host_id": "",
            "disable_password_authentication": false,
            "encryption_at_host_enabled": false,
            "eviction_policy": "",
            "extensions_time_budget": "PT1H30M",
            "id": "/subscriptions/753e1116-a934-4cde-98ac-9c70e98003fa/resourceGroups/skproject1-resources/providers/Microsoft.Compute/virtualMachines/skproject1-vm0",
            "identity": [],
            "license_type": "",
            "location": "uksouth",
            "max_bid_price": -1,
            "name": "skproject1-vm0",
            "network_interface_ids": [
              "/subscriptions/753e1116-a934-4cde-98ac-9c70e98003fa/resourceGroups/skproject1-resources/providers/Microsoft.Network/networkInterfaces/skproject1-nic0"
            ],
            "os_disk": [
              {
                "caching": "ReadWrite",
                "diff_disk_settings": [],
                "disk_encryption_set_id": "",
                "disk_size_gb": 30,
                "name": "skproject1-osdisk-0",
                "storage_account_type": "Standard_LRS",
                "write_accelerator_enabled": false
              }
            ],
            "plan": [],
            "platform_fault_domain": -1,
            "priority": "Regular",
            "private_ip_address": "10.0.2.5",
            "private_ip_addresses": [
              "10.0.2.5"
            ],
            "provision_vm_agent": true,
            "proximity_placement_group_id": "",
            "public_ip_address": "",
            "public_ip_addresses": [],
            "resource_group_name": "skproject1-resources",
            "secret": [],
            "size": "Standard_D2s_v3",
            "source_image_id": "/subscriptions/753e1116-a934-4cde-98ac-9c70e98003fa/resourceGroups/skproject1-rg/providers/Microsoft.Compute/images/skProject1PackerImage",
            "source_image_reference": [],
            "tags": {
              "environment": "Linux Production Web Server"
            },
            "timeouts": null,
            "virtual_machine_id": "cda99a66-5870-4e96-84a5-ef478e84be58",
            "virtual_machine_scale_set_id": "",
            "zone": ""
          },
          "sensitive_attributes": [],
          "private": "eyJlMmJmYjczMC1lY2FhLTExZTYtOGY4OC0zNDM2M2JjN2M0YzAiOnsiY3JlYXRlIjoyNzAwMDAwMDAwMDAwLCJkZWxldGUiOjI3MDAwMDAwMDAwMDAsInJlYWQiOjMwMDAwMDAwMDAwMCwidXBkYXRlIjoyNzAwMDAwMDAwMDAwfX0=",
          "dependencies": [
            "azurerm_resource_group.skproject1-rg",
            "azurerm_subnet.internal",
            "azurerm_virtual_network.skproject1-rg",
            "data.azurerm_image.packer-webserver-image",
            "azurerm_availability_set.skproject1-rg",
            "azurerm_network_interface.skproject1-rg"
          ]
        },
        {
          "index_key": 1,
          "schema_version": 0,
          "attributes": {
            "additional_capabilities": [],
            "admin_password": "skProject1",
            "admin_ssh_key": [],
            "admin_username": "skprojectadm",
            "allow_extension_operations": true,
            "availability_set_id": "/subscriptions/753e1116-a934-4cde-98ac-9c70e98003fa/resourceGroups/skproject1-resources/providers/Microsoft.Compute/availabilitySets/PROJECT1-ASET",
            "boot_diagnostics": [],
            "computer_name": "skproject1-vm1",
            "custom_data": null,
            "dedicated_host_id": "",
            "disable_password_authentication": false,
            "encryption_at_host_enabled": false,
            "eviction_policy": "",
            "extensions_time_budget": "PT1H30M",
            "id": "/subscriptions/753e1116-a934-4cde-98ac-9c70e98003fa/resourceGroups/skproject1-resources/providers/Microsoft.Compute/virtualMachines/skproject1-vm1",
            "identity": [],
            "license_type": "",
            "location": "uksouth",
            "max_bid_price": -1,
            "name": "skproject1-vm1",
            "network_interface_ids": [
              "/subscriptions/753e1116-a934-4cde-98ac-9c70e98003fa/resourceGroups/skproject1-resources/providers/Microsoft.Network/networkInterfaces/skproject1-nic1"
            ],
            "os_disk": [
              {
                "caching": "ReadWrite",
                "diff_disk_settings": [],
                "disk_encryption_set_id": "",
                "disk_size_gb": 30,
                "name": "skproject1-osdisk-1",
                "storage_account_type": "Standard_LRS",
                "write_accelerator_enabled": false
              }
            ],
            "plan": [],
            "platform_fault_domain": -1,
            "priority": "Regular",
            "private_ip_address": "10.0.2.4",
            "private_ip_addresses": [
              "10.0.2.4"
            ],
            "provision_vm_agent": true,
            "proximity_placement_group_id": "",
            "public_ip_address": "",
            "public_ip_addresses": [],
            "resource_group_name": "skproject1-resources",
            "secret": [],
            "size": "Standard_D2s_v3",
            "source_image_id": "/subscriptions/753e1116-a934-4cde-98ac-9c70e98003fa/resourceGroups/skproject1-rg/providers/Microsoft.Compute/images/skProject1PackerImage",
            "source_image_reference": [],
            "tags": {
              "environment": "Linux Production Web Server"
            },
            "timeouts": null,
            "virtual_machine_id": "ca98dde6-0e64-4053-a1c6-79ed485a6cb8",
            "virtual_machine_scale_set_id": "",
            "zone": ""
          },
          "sensitive_attributes": [],
          "private": "eyJlMmJmYjczMC1lY2FhLTExZTYtOGY4OC0zNDM2M2JjN2M0YzAiOnsiY3JlYXRlIjoyNzAwMDAwMDAwMDAwLCJkZWxldGUiOjI3MDAwMDAwMDAwMDAsInJlYWQiOjMwMDAwMDAwMDAwMCwidXBkYXRlIjoyNzAwMDAwMDAwMDAwfX0=",
          "dependencies": [
            "azurerm_availability_set.skproject1-rg",
            "azurerm_network_interface.skproject1-rg",
            "azurerm_resource_group.skproject1-rg",
            "azurerm_subnet.internal",
            "azurerm_virtual_network.skproject1-rg",
            "data.azurerm_image.packer-webserver-image"
          ]
        }
      ]
    },
    {
      "mode": "managed",
      "type": "azurerm_managed_disk",
      "name": "datadisk",
      "provider": "provider[\"registry.terraform.io/hashicorp/azurerm\"]",
      "instances": [
        {
          "index_key": 0,
          "schema_version": 0,
          "attributes": {
            "create_option": "Empty",
            "disk_access_id": "",
            "disk_encryption_set_id": "",
            "disk_iops_read_write": 500,
            "disk_mbps_read_write": 60,
            "disk_size_gb": 1,
            "encryption_settings": [],
            "id": "/subscriptions/753e1116-a934-4cde-98ac-9c70e98003fa/resourceGroups/skproject1-resources/providers/Microsoft.Compute/disks/skproject1-vm0-datadisk",
            "image_reference_id": "",
            "location": "uksouth",
            "name": "skproject1-vm0-datadisk",
            "network_access_policy": null,
            "os_type": "",
            "resource_group_name": "skproject1-resources",
            "source_resource_id": "",
            "source_uri": "",
            "storage_account_id": "",
            "storage_account_type": "Standard_LRS",
            "tags": {
              "environment": "Production Web Server"
            },
            "tier": "",
            "timeouts": null,
            "zones": []
          },
          "sensitive_attributes": [],
          "private": "eyJlMmJmYjczMC1lY2FhLTExZTYtOGY4OC0zNDM2M2JjN2M0YzAiOnsiY3JlYXRlIjoxODAwMDAwMDAwMDAwLCJkZWxldGUiOjE4MDAwMDAwMDAwMDAsInJlYWQiOjMwMDAwMDAwMDAwMCwidXBkYXRlIjoxODAwMDAwMDAwMDAwfX0=",
          "dependencies": [
            "azurerm_resource_group.skproject1-rg"
          ]
        },
        {
          "index_key": 1,
          "schema_version": 0,
          "attributes": {
            "create_option": "Empty",
            "disk_access_id": "",
            "disk_encryption_set_id": "",
            "disk_iops_read_write": 500,
            "disk_mbps_read_write": 60,
            "disk_size_gb": 1,
            "encryption_settings": [],
            "id": "/subscriptions/753e1116-a934-4cde-98ac-9c70e98003fa/resourceGroups/skproject1-resources/providers/Microsoft.Compute/disks/skproject1-vm1-datadisk",
            "image_reference_id": "",
            "location": "uksouth",
            "name": "skproject1-vm1-datadisk",
            "network_access_policy": null,
            "os_type": "",
            "resource_group_name": "skproject1-resources",
            "source_resource_id": "",
            "source_uri": "",
            "storage_account_id": "",
            "storage_account_type": "Standard_LRS",
            "tags": {
              "environment": "Production Web Server"
            },
            "tier": "",
            "timeouts": null,
            "zones": []
          },
          "sensitive_attributes": [],
          "private": "eyJlMmJmYjczMC1lY2FhLTExZTYtOGY4OC0zNDM2M2JjN2M0YzAiOnsiY3JlYXRlIjoxODAwMDAwMDAwMDAwLCJkZWxldGUiOjE4MDAwMDAwMDAwMDAsInJlYWQiOjMwMDAwMDAwMDAwMCwidXBkYXRlIjoxODAwMDAwMDAwMDAwfX0=",
          "dependencies": [
            "azurerm_resource_group.skproject1-rg"
          ]
        }
      ]
    },
    {
      "mode": "managed",
      "type": "azurerm_network_interface",
      "name": "skproject1-rg",
      "provider": "provider[\"registry.terraform.io/hashicorp/azurerm\"]",
      "instances": [
        {
          "index_key": 0,
          "schema_version": 0,
          "attributes": {
            "applied_dns_servers": [],
            "dns_servers": [],
            "enable_accelerated_networking": false,
            "enable_ip_forwarding": false,
            "id": "/subscriptions/753e1116-a934-4cde-98ac-9c70e98003fa/resourceGroups/skproject1-resources/providers/Microsoft.Network/networkInterfaces/skproject1-nic0",
            "internal_dns_name_label": "",
            "internal_domain_name_suffix": "pokjym2pvayepp14bbc2ronqoh.zx.internal.cloudapp.net",
            "ip_configuration": [
              {
                "name": "internal",
                "primary": true,
                "private_ip_address": "10.0.2.5",
                "private_ip_address_allocation": "Dynamic",
                "private_ip_address_version": "IPv4",
                "public_ip_address_id": "",
                "subnet_id": "/subscriptions/753e1116-a934-4cde-98ac-9c70e98003fa/resourceGroups/skproject1-resources/providers/Microsoft.Network/virtualNetworks/skproject1-network/subnets/internal"
              }
            ],
            "location": "uksouth",
            "mac_address": "00-0D-3A-D4-B0-AB",
            "name": "skproject1-nic0",
            "private_ip_address": "10.0.2.5",
            "private_ip_addresses": [
              "10.0.2.5"
            ],
            "resource_group_name": "skproject1-resources",
            "tags": {},
            "timeouts": null,
            "virtual_machine_id": "/subscriptions/753e1116-a934-4cde-98ac-9c70e98003fa/resourceGroups/skproject1-resources/providers/Microsoft.Compute/virtualMachines/skproject1-vm0"
          },
          "sensitive_attributes": [],
          "private": "eyJlMmJmYjczMC1lY2FhLTExZTYtOGY4OC0zNDM2M2JjN2M0YzAiOnsiY3JlYXRlIjoxODAwMDAwMDAwMDAwLCJkZWxldGUiOjE4MDAwMDAwMDAwMDAsInJlYWQiOjMwMDAwMDAwMDAwMCwidXBkYXRlIjoxODAwMDAwMDAwMDAwfX0=",
          "dependencies": [
            "azurerm_virtual_network.skproject1-rg",
            "azurerm_resource_group.skproject1-rg",
            "azurerm_subnet.internal"
          ]
        },
        {
          "index_key": 1,
          "schema_version": 0,
          "attributes": {
            "applied_dns_servers": [],
            "dns_servers": [],
            "enable_accelerated_networking": false,
            "enable_ip_forwarding": false,
            "id": "/subscriptions/753e1116-a934-4cde-98ac-9c70e98003fa/resourceGroups/skproject1-resources/providers/Microsoft.Network/networkInterfaces/skproject1-nic1",
            "internal_dns_name_label": "",
            "internal_domain_name_suffix": "pokjym2pvayepp14bbc2ronqoh.zx.internal.cloudapp.net",
            "ip_configuration": [
              {
                "name": "internal",
                "primary": true,
                "private_ip_address": "10.0.2.4",
                "private_ip_address_allocation": "Dynamic",
                "private_ip_address_version": "IPv4",
                "public_ip_address_id": "",
                "subnet_id": "/subscriptions/753e1116-a934-4cde-98ac-9c70e98003fa/resourceGroups/skproject1-resources/providers/Microsoft.Network/virtualNetworks/skproject1-network/subnets/internal"
              }
            ],
            "location": "uksouth",
            "mac_address": "00-0D-3A-7F-95-0A",
            "name": "skproject1-nic1",
            "private_ip_address": "10.0.2.4",
            "private_ip_addresses": [
              "10.0.2.4"
            ],
            "resource_group_name": "skproject1-resources",
            "tags": {},
            "timeouts": null,
            "virtual_machine_id": "/subscriptions/753e1116-a934-4cde-98ac-9c70e98003fa/resourceGroups/skproject1-resources/providers/Microsoft.Compute/virtualMachines/skproject1-vm1"
          },
          "sensitive_attributes": [],
          "private": "eyJlMmJmYjczMC1lY2FhLTExZTYtOGY4OC0zNDM2M2JjN2M0YzAiOnsiY3JlYXRlIjoxODAwMDAwMDAwMDAwLCJkZWxldGUiOjE4MDAwMDAwMDAwMDAsInJlYWQiOjMwMDAwMDAwMDAwMCwidXBkYXRlIjoxODAwMDAwMDAwMDAwfX0=",
          "dependencies": [
            "azurerm_resource_group.skproject1-rg",
            "azurerm_subnet.internal",
            "azurerm_virtual_network.skproject1-rg"
          ]
        }
      ]
    },
    {
      "mode": "managed",
      "type": "azurerm_network_interface_backend_address_pool_association",
      "name": "skproject1-rg",
      "provider": "provider[\"registry.terraform.io/hashicorp/azurerm\"]",
      "instances": [
        {
          "index_key": 0,
          "schema_version": 0,
          "attributes": {
            "backend_address_pool_id": "/subscriptions/753e1116-a934-4cde-98ac-9c70e98003fa/resourceGroups/skproject1-resources/providers/Microsoft.Network/loadBalancers/Project1LoadBalancer/backendAddressPools/skproject1-BackEndAddressPool",
            "id": "/subscriptions/753e1116-a934-4cde-98ac-9c70e98003fa/resourceGroups/skproject1-resources/providers/Microsoft.Network/networkInterfaces/skproject1-nic0/ipConfigurations/internal|/subscriptions/753e1116-a934-4cde-98ac-9c70e98003fa/resourceGroups/skproject1-resources/providers/Microsoft.Network/loadBalancers/Project1LoadBalancer/backendAddressPools/skproject1-BackEndAddressPool",
            "ip_configuration_name": "internal",
            "network_interface_id": "/subscriptions/753e1116-a934-4cde-98ac-9c70e98003fa/resourceGroups/skproject1-resources/providers/Microsoft.Network/networkInterfaces/skproject1-nic0",
            "timeouts": null
          },
          "sensitive_attributes": [],
          "private": "eyJlMmJmYjczMC1lY2FhLTExZTYtOGY4OC0zNDM2M2JjN2M0YzAiOnsiY3JlYXRlIjoxODAwMDAwMDAwMDAwLCJkZWxldGUiOjE4MDAwMDAwMDAwMDAsInJlYWQiOjMwMDAwMDAwMDAwMCwidXBkYXRlIjoxODAwMDAwMDAwMDAwfX0=",
          "dependencies": [
            "azurerm_resource_group.skproject1-rg",
            "azurerm_subnet.internal",
            "azurerm_virtual_network.skproject1-rg",
            "azurerm_lb.skproject1-rg",
            "azurerm_lb_backend_address_pool.skproject1-rg",
            "azurerm_network_interface.skproject1-rg",
            "azurerm_public_ip.skproject1-rg"
          ]
        },
        {
          "index_key": 1,
          "schema_version": 0,
          "attributes": {
            "backend_address_pool_id": "/subscriptions/753e1116-a934-4cde-98ac-9c70e98003fa/resourceGroups/skproject1-resources/providers/Microsoft.Network/loadBalancers/Project1LoadBalancer/backendAddressPools/skproject1-BackEndAddressPool",
            "id": "/subscriptions/753e1116-a934-4cde-98ac-9c70e98003fa/resourceGroups/skproject1-resources/providers/Microsoft.Network/networkInterfaces/skproject1-nic1/ipConfigurations/internal|/subscriptions/753e1116-a934-4cde-98ac-9c70e98003fa/resourceGroups/skproject1-resources/providers/Microsoft.Network/loadBalancers/Project1LoadBalancer/backendAddressPools/skproject1-BackEndAddressPool",
            "ip_configuration_name": "internal",
            "network_interface_id": "/subscriptions/753e1116-a934-4cde-98ac-9c70e98003fa/resourceGroups/skproject1-resources/providers/Microsoft.Network/networkInterfaces/skproject1-nic1",
            "timeouts": null
          },
          "sensitive_attributes": [],
          "private": "eyJlMmJmYjczMC1lY2FhLTExZTYtOGY4OC0zNDM2M2JjN2M0YzAiOnsiY3JlYXRlIjoxODAwMDAwMDAwMDAwLCJkZWxldGUiOjE4MDAwMDAwMDAwMDAsInJlYWQiOjMwMDAwMDAwMDAwMCwidXBkYXRlIjoxODAwMDAwMDAwMDAwfX0=",
          "dependencies": [
            "azurerm_lb.skproject1-rg",
            "azurerm_lb_backend_address_pool.skproject1-rg",
            "azurerm_network_interface.skproject1-rg",
            "azurerm_public_ip.skproject1-rg",
            "azurerm_resource_group.skproject1-rg",
            "azurerm_subnet.internal",
            "azurerm_virtual_network.skproject1-rg"
          ]
        }
      ]
    },
    {
      "mode": "managed",
      "type": "azurerm_network_interface_security_group_association",
      "name": "skproject1-rg",
      "provider": "provider[\"registry.terraform.io/hashicorp/azurerm\"]",
      "instances": [
        {
          "index_key": 0,
          "schema_version": 0,
          "attributes": {
            "id": "/subscriptions/753e1116-a934-4cde-98ac-9c70e98003fa/resourceGroups/skproject1-resources/providers/Microsoft.Network/networkInterfaces/skproject1-nic0|/subscriptions/753e1116-a934-4cde-98ac-9c70e98003fa/resourceGroups/skproject1-resources/providers/Microsoft.Network/networkSecurityGroups/project1WebServerDeployment",
            "network_interface_id": "/subscriptions/753e1116-a934-4cde-98ac-9c70e98003fa/resourceGroups/skproject1-resources/providers/Microsoft.Network/networkInterfaces/skproject1-nic0",
            "network_security_group_id": "/subscriptions/753e1116-a934-4cde-98ac-9c70e98003fa/resourceGroups/skproject1-resources/providers/Microsoft.Network/networkSecurityGroups/project1WebServerDeployment",
            "timeouts": null
          },
          "sensitive_attributes": [],
          "private": "eyJlMmJmYjczMC1lY2FhLTExZTYtOGY4OC0zNDM2M2JjN2M0YzAiOnsiY3JlYXRlIjoxODAwMDAwMDAwMDAwLCJkZWxldGUiOjE4MDAwMDAwMDAwMDAsInJlYWQiOjMwMDAwMDAwMDAwMCwidXBkYXRlIjoxODAwMDAwMDAwMDAwfX0=",
          "dependencies": [
            "azurerm_network_interface.skproject1-rg",
            "azurerm_network_security_group.skproject1-rg",
            "azurerm_resource_group.skproject1-rg",
            "azurerm_subnet.internal",
            "azurerm_virtual_network.skproject1-rg"
          ]
        },
        {
          "index_key": 1,
          "schema_version": 0,
          "attributes": {
            "id": "/subscriptions/753e1116-a934-4cde-98ac-9c70e98003fa/resourceGroups/skproject1-resources/providers/Microsoft.Network/networkInterfaces/skproject1-nic1|/subscriptions/753e1116-a934-4cde-98ac-9c70e98003fa/resourceGroups/skproject1-resources/providers/Microsoft.Network/networkSecurityGroups/project1WebServerDeployment",
            "network_interface_id": "/subscriptions/753e1116-a934-4cde-98ac-9c70e98003fa/resourceGroups/skproject1-resources/providers/Microsoft.Network/networkInterfaces/skproject1-nic1",
            "network_security_group_id": "/subscriptions/753e1116-a934-4cde-98ac-9c70e98003fa/resourceGroups/skproject1-resources/providers/Microsoft.Network/networkSecurityGroups/project1WebServerDeployment",
            "timeouts": null
          },
          "sensitive_attributes": [],
          "private": "eyJlMmJmYjczMC1lY2FhLTExZTYtOGY4OC0zNDM2M2JjN2M0YzAiOnsiY3JlYXRlIjoxODAwMDAwMDAwMDAwLCJkZWxldGUiOjE4MDAwMDAwMDAwMDAsInJlYWQiOjMwMDAwMDAwMDAwMCwidXBkYXRlIjoxODAwMDAwMDAwMDAwfX0=",
          "dependencies": [
            "azurerm_network_interface.skproject1-rg",
            "azurerm_network_security_group.skproject1-rg",
            "azurerm_resource_group.skproject1-rg",
            "azurerm_subnet.internal",
            "azurerm_virtual_network.skproject1-rg"
          ]
        }
      ]
    },
    {
      "mode": "managed",
      "type": "azurerm_network_security_group",
      "name": "skproject1-rg",
      "provider": "provider[\"registry.terraform.io/hashicorp/azurerm\"]",
      "instances": [
        {
          "schema_version": 0,
          "attributes": {
            "id": "/subscriptions/753e1116-a934-4cde-98ac-9c70e98003fa/resourceGroups/skproject1-resources/providers/Microsoft.Network/networkSecurityGroups/project1WebServerDeployment",
            "location": "uksouth",
            "name": "project1WebServerDeployment",
            "resource_group_name": "skproject1-resources",
            "security_rule": [
              {
                "access": "Allow",
                "description": "",
                "destination_address_prefix": "VirtualNetwork",
                "destination_address_prefixes": [],
                "destination_application_security_group_ids": [],
                "destination_port_range": "*",
                "destination_port_ranges": [],
                "direction": "Inbound",
                "name": "allowAzureLBtoVNet-In",
                "priority": 160,
                "protocol": "*",
                "source_address_prefix": "AzureLoadBalancer",
                "source_address_prefixes": [],
                "source_application_security_group_ids": [],
                "source_port_range": "*",
                "source_port_ranges": []
              },
              {
                "access": "Allow",
                "description": null,
                "destination_address_prefix": "VirtualNetwork",
                "destination_address_prefixes": [],
                "destination_application_security_group_ids": [],
                "destination_port_range": "*",
                "destination_port_ranges": [],
                "direction": "Inbound",
                "name": "allowVNet-In",
                "priority": 100,
                "protocol": "*",
                "source_address_prefix": "VirtualNetwork",
                "source_address_prefixes": [],
                "source_application_security_group_ids": [],
                "source_port_range": "*",
                "source_port_ranges": []
              },
              {
                "access": "Allow",
                "description": null,
                "destination_address_prefix": "VirtualNetwork",
                "destination_address_prefixes": [],
                "destination_application_security_group_ids": [],
                "destination_port_range": "*",
                "destination_port_ranges": [],
                "direction": "Outbound",
                "name": "allowVNet-Out",
                "priority": 150,
                "protocol": "*",
                "source_address_prefix": "VirtualNetwork",
                "source_address_prefixes": [],
                "source_application_security_group_ids": [],
                "source_port_range": "*",
                "source_port_ranges": []
              },
              {
                "access": "Deny",
                "description": null,
                "destination_address_prefix": "*",
                "destination_address_prefixes": [],
                "destination_application_security_group_ids": [],
                "destination_port_range": "*",
                "destination_port_ranges": [],
                "direction": "Inbound",
                "name": "Deny Inbound Internet Traffic",
                "priority": 250,
                "protocol": "*",
                "source_address_prefix": "*",
                "source_address_prefixes": [],
                "source_application_security_group_ids": [],
                "source_port_range": "*",
                "source_port_ranges": []
              }
            ],
            "tags": {
              "environment": "Production Web Server"
            },
            "timeouts": null
          },
          "sensitive_attributes": [],
          "private": "eyJlMmJmYjczMC1lY2FhLTExZTYtOGY4OC0zNDM2M2JjN2M0YzAiOnsiY3JlYXRlIjoxODAwMDAwMDAwMDAwLCJkZWxldGUiOjE4MDAwMDAwMDAwMDAsInJlYWQiOjMwMDAwMDAwMDAwMCwidXBkYXRlIjoxODAwMDAwMDAwMDAwfX0=",
          "dependencies": [
            "azurerm_resource_group.skproject1-rg"
          ]
        }
      ]
    },
    {
      "mode": "managed",
      "type": "azurerm_public_ip",
      "name": "skproject1-rg",
      "provider": "provider[\"registry.terraform.io/hashicorp/azurerm\"]",
      "instances": [
        {
          "schema_version": 0,
          "attributes": {
            "allocation_method": "Static",
            "availability_zone": "No-Zone",
            "domain_name_label": null,
            "fqdn": null,
            "id": "/subscriptions/753e1116-a934-4cde-98ac-9c70e98003fa/resourceGroups/skproject1-resources/providers/Microsoft.Network/publicIPAddresses/acceptanceTestPublicIp",
            "idle_timeout_in_minutes": 4,
            "ip_address": "20.90.185.133",
            "ip_tags": {},
            "ip_version": "IPv4",
            "location": "uksouth",
            "name": "acceptanceTestPublicIp",
            "public_ip_prefix_id": null,
            "resource_group_name": "skproject1-resources",
            "reverse_fqdn": null,
            "sku": "Basic",
            "tags": {
              "environment": "Udacity Project 1"
            },
            "timeouts": null,
            "zones": []
          },
          "sensitive_attributes": [],
          "private": "eyJlMmJmYjczMC1lY2FhLTExZTYtOGY4OC0zNDM2M2JjN2M0YzAiOnsiY3JlYXRlIjoxODAwMDAwMDAwMDAwLCJkZWxldGUiOjE4MDAwMDAwMDAwMDAsInJlYWQiOjMwMDAwMDAwMDAwMCwidXBkYXRlIjoxODAwMDAwMDAwMDAwfX0=",
          "dependencies": [
            "azurerm_resource_group.skproject1-rg"
          ]
        }
      ]
    },
    {
      "mode": "managed",
      "type": "azurerm_resource_group",
      "name": "skproject1-rg",
      "provider": "provider[\"registry.terraform.io/hashicorp/azurerm\"]",
      "instances": [
        {
          "schema_version": 0,
          "attributes": {
            "id": "/subscriptions/753e1116-a934-4cde-98ac-9c70e98003fa/resourceGroups/skproject1-resources",
            "location": "uksouth",
            "name": "skproject1-resources",
            "tags": {},
            "timeouts": null
          },
          "sensitive_attributes": [],
          "private": "eyJlMmJmYjczMC1lY2FhLTExZTYtOGY4OC0zNDM2M2JjN2M0YzAiOnsiY3JlYXRlIjo1NDAwMDAwMDAwMDAwLCJkZWxldGUiOjU0MDAwMDAwMDAwMDAsInJlYWQiOjMwMDAwMDAwMDAwMCwidXBkYXRlIjo1NDAwMDAwMDAwMDAwfX0="
        }
      ]
    },
    {
      "mode": "managed",
      "type": "azurerm_subnet",
      "name": "internal",
      "provider": "provider[\"registry.terraform.io/hashicorp/azurerm\"]",
      "instances": [
        {
          "schema_version": 0,
          "attributes": {
            "address_prefix": "10.0.2.0/24",
            "address_prefixes": [
              "10.0.2.0/24"
            ],
            "delegation": [],
            "enforce_private_link_endpoint_network_policies": false,
            "enforce_private_link_service_network_policies": false,
            "id": "/subscriptions/753e1116-a934-4cde-98ac-9c70e98003fa/resourceGroups/skproject1-resources/providers/Microsoft.Network/virtualNetworks/skproject1-network/subnets/internal",
            "name": "internal",
            "resource_group_name": "skproject1-resources",
            "service_endpoint_policy_ids": [],
            "service_endpoints": [],
            "timeouts": null,
            "virtual_network_name": "skproject1-network"
          },
          "sensitive_attributes": [],
          "private": "eyJlMmJmYjczMC1lY2FhLTExZTYtOGY4OC0zNDM2M2JjN2M0YzAiOnsiY3JlYXRlIjoxODAwMDAwMDAwMDAwLCJkZWxldGUiOjE4MDAwMDAwMDAwMDAsInJlYWQiOjMwMDAwMDAwMDAwMCwidXBkYXRlIjoxODAwMDAwMDAwMDAwfX0=",
          "dependencies": [
            "azurerm_resource_group.skproject1-rg",
            "azurerm_virtual_network.skproject1-rg"
          ]
        }
      ]
    },
    {
      "mode": "managed",
      "type": "azurerm_virtual_machine_data_disk_attachment",
      "name": "datadisk",
      "provider": "provider[\"registry.terraform.io/hashicorp/azurerm\"]",
      "instances": [
        {
          "index_key": 0,
          "schema_version": 0,
          "attributes": {
            "caching": "None",
            "create_option": "Attach",
            "id": "/subscriptions/753e1116-a934-4cde-98ac-9c70e98003fa/resourceGroups/skproject1-resources/providers/Microsoft.Compute/virtualMachines/skproject1-vm0/dataDisks/skproject1-vm0-datadisk",
            "lun": 0,
            "managed_disk_id": "/subscriptions/753e1116-a934-4cde-98ac-9c70e98003fa/resourceGroups/skproject1-resources/providers/Microsoft.Compute/disks/skproject1-vm0-datadisk",
            "timeouts": null,
            "virtual_machine_id": "/subscriptions/753e1116-a934-4cde-98ac-9c70e98003fa/resourceGroups/skproject1-resources/providers/Microsoft.Compute/virtualMachines/skproject1-vm0",
            "write_accelerator_enabled": false
          },
          "sensitive_attributes": [],
          "private": "eyJlMmJmYjczMC1lY2FhLTExZTYtOGY4OC0zNDM2M2JjN2M0YzAiOnsiY3JlYXRlIjoxODAwMDAwMDAwMDAwLCJkZWxldGUiOjE4MDAwMDAwMDAwMDAsInJlYWQiOjMwMDAwMDAwMDAwMCwidXBkYXRlIjoxODAwMDAwMDAwMDAwfX0=",
          "dependencies": [
            "azurerm_subnet.internal",
            "azurerm_virtual_network.skproject1-rg",
            "data.azurerm_image.packer-webserver-image",
            "azurerm_availability_set.skproject1-rg",
            "azurerm_linux_virtual_machine.skproject1-rg",
            "azurerm_managed_disk.datadisk",
            "azurerm_network_interface.skproject1-rg",
            "azurerm_resource_group.skproject1-rg"
          ]
        },
        {
          "index_key": 1,
          "schema_version": 0,
          "attributes": {
            "caching": "None",
            "create_option": "Attach",
            "id": "/subscriptions/753e1116-a934-4cde-98ac-9c70e98003fa/resourceGroups/skproject1-resources/providers/Microsoft.Compute/virtualMachines/skproject1-vm1/dataDisks/skproject1-vm1-datadisk",
            "lun": 0,
            "managed_disk_id": "/subscriptions/753e1116-a934-4cde-98ac-9c70e98003fa/resourceGroups/skproject1-resources/providers/Microsoft.Compute/disks/skproject1-vm1-datadisk",
            "timeouts": null,
            "virtual_machine_id": "/subscriptions/753e1116-a934-4cde-98ac-9c70e98003fa/resourceGroups/skproject1-resources/providers/Microsoft.Compute/virtualMachines/skproject1-vm1",
            "write_accelerator_enabled": false
          },
          "sensitive_attributes": [],
          "private": "eyJlMmJmYjczMC1lY2FhLTExZTYtOGY4OC0zNDM2M2JjN2M0YzAiOnsiY3JlYXRlIjoxODAwMDAwMDAwMDAwLCJkZWxldGUiOjE4MDAwMDAwMDAwMDAsInJlYWQiOjMwMDAwMDAwMDAwMCwidXBkYXRlIjoxODAwMDAwMDAwMDAwfX0=",
          "dependencies": [
            "azurerm_availability_set.skproject1-rg",
            "azurerm_linux_virtual_machine.skproject1-rg",
            "azurerm_managed_disk.datadisk",
            "azurerm_network_interface.skproject1-rg",
            "azurerm_resource_group.skproject1-rg",
            "azurerm_subnet.internal",
            "azurerm_virtual_network.skproject1-rg",
            "data.azurerm_image.packer-webserver-image"
          ]
        }
      ]
    },
    {
      "mode": "managed",
      "type": "azurerm_virtual_network",
      "name": "skproject1-rg",
      "provider": "provider[\"registry.terraform.io/hashicorp/azurerm\"]",
      "instances": [
        {
          "schema_version": 0,
          "attributes": {
            "address_space": [
              "10.0.0.0/22"
            ],
            "bgp_community": "",
            "ddos_protection_plan": [],
            "dns_servers": [],
            "guid": "339c947b-a88f-4730-bf7e-0845c8b9b077",
            "id": "/subscriptions/753e1116-a934-4cde-98ac-9c70e98003fa/resourceGroups/skproject1-resources/providers/Microsoft.Network/virtualNetworks/skproject1-network",
            "location": "uksouth",
            "name": "skproject1-network",
            "resource_group_name": "skproject1-resources",
            "subnet": [
              {
                "address_prefix": "10.0.2.0/24",
                "id": "/subscriptions/753e1116-a934-4cde-98ac-9c70e98003fa/resourceGroups/skproject1-resources/providers/Microsoft.Network/virtualNetworks/skproject1-network/subnets/internal",
                "name": "internal",
                "security_group": ""
              }
            ],
            "tags": {},
            "timeouts": null,
            "vm_protection_enabled": false
          },
          "sensitive_attributes": [],
          "private": "eyJlMmJmYjczMC1lY2FhLTExZTYtOGY4OC0zNDM2M2JjN2M0YzAiOnsiY3JlYXRlIjoxODAwMDAwMDAwMDAwLCJkZWxldGUiOjE4MDAwMDAwMDAwMDAsInJlYWQiOjMwMDAwMDAwMDAwMCwidXBkYXRlIjoxODAwMDAwMDAwMDAwfX0=",
          "dependencies": [
            "azurerm_resource_group.skproject1-rg"
          ]
        }
      ]
    }
  ]
}
